
Microsoft Visual Studio Solution File, Format Version 12.00
# Visual Studio Version 17
VisualStudioVersion = 17.3.32811.315
MinimumVisualStudioVersion = 10.0.40219.1
Project("{FAE04EC0-301F-11D3-BF4B-00C04F79EFBC}") = "JA Basic App GitHub", "JA Basic App GitHub\JA Basic App GitHub.csproj", "{706A76A9-B74E-4140-88B0-FC18EEAD5250}"
EndProject
Project("{FAE04EC0-301F-11D3-BF4B-00C04F79EFBC}") = "BasicAppTest", "BasicAppTest\BasicAppTest.csproj", "{D6AAC5B1-41C0-4730-AF70-2C6E1FBC5719}"
EndProject
Global
	GlobalSection(SolutionConfigurationPlatforms) = preSolution
		Debug|Any CPU = Debug|Any CPU
		Release|Any CPU = Release|Any CPU
	EndGlobalSection
	GlobalSection(ProjectConfigurationPlatforms) = postSolution
		{706A76A9-B74E-4140-88B0-FC18EEAD5250}.Debug|Any CPU.ActiveCfg = Debug|Any CPU
		{706A76A9-B74E-4140-88B0-FC18EEAD5250}.Debug|Any CPU.Build.0 = Debug|Any CPU
		{706A76A9-B74E-4140-88B0-FC18EEAD5250}.Release|Any CPU.ActiveCfg = Release|Any CPU
		{706A76A9-B74E-4140-88B0-FC18EEAD5250}.Release|Any CPU.Build.0 = Release|Any CPU
		{D6AAC5B1-41C0-4730-AF70-2C6E1FBC5719}.Debug|Any CPU.ActiveCfg = Debug|Any CPU
		{D6AAC5B1-41C0-4730-AF70-2C6E1FBC5719}.Debug|Any CPU.Build.0 = Debug|Any CPU
		{D6AAC5B1-41C0-4730-AF70-2C6E1FBC5719}.Release|Any CPU.ActiveCfg = Release|Any CPU
		{D6AAC5B1-41C0-4730-AF70-2C6E1FBC5719}.Release|Any CPU.Build.0 = Release|Any CPU
	EndGlobalSection
	GlobalSection(SolutionProperties) = preSolution
		HideSolutionNode = FALSE
	EndGlobalSection
	GlobalSection(ExtensibilityGlobals) = postSolution
		SolutionGuid = {72BF3CF1-D791-4371-90FF-45DE54126EBA}
	EndGlobalSection
EndGlobal
